
Microsoft Visual Studio Solution File, Format Version 12.00
# Visual Studio Version 16
VisualStudioVersion = 16.0.30011.22
MinimumVisualStudioVersion = 10.0.40219.1
Project("{FAE04EC0-301F-11D3-BF4B-00C04F79EFBC}") = "ColegioCovid", "ColegioCovid\ColegioCovid.csproj", "{09C8EF64-19A6-4AE3-A63F-2C79DC4F8395}"
EndProject
Global
	GlobalSection(SolutionConfigurationPlatforms) = preSolution
		Debug|Any CPU = Debug|Any CPU
		Release|Any CPU = Release|Any CPU
	EndGlobalSection
	GlobalSection(ProjectConfigurationPlatforms) = postSolution
		{09C8EF64-19A6-4AE3-A63F-2C79DC4F8395}.Debug|Any CPU.ActiveCfg = Debug|Any CPU
		{09C8EF64-19A6-4AE3-A63F-2C79DC4F8395}.Debug|Any CPU.Build.0 = Debug|Any CPU
		{09C8EF64-19A6-4AE3-A63F-2C79DC4F8395}.Release|Any CPU.ActiveCfg = Release|Any CPU
		{09C8EF64-19A6-4AE3-A63F-2C79DC4F8395}.Release|Any CPU.Build.0 = Release|Any CPU
	EndGlobalSection
	GlobalSection(SolutionProperties) = preSolution
		HideSolutionNode = FALSE
	EndGlobalSection
	GlobalSection(ExtensibilityGlobals) = postSolution
		SolutionGuid = {AF0B50B8-F681-4C14-BEE5-5281240CF963}
	EndGlobalSection
EndGlobal
